{
    "name": "zone-demo",
    "version": "0.0.0",
    "lockfileVersion": 1,
    "requires": true,
    "dependencies": {
        "@types/node": {
            "version": "10.11.0",
            "resolved": "https://registry.npmjs.org/@types/node/-/node-10.11.0.tgz",
            "integrity": "sha512-R4Dvw6KjSYn/SpvjRchBOwXr14vVVcFXCtnM3f0aLvlJS8a599rrcEoihcP2/+Z/f75E5GNPd4aWM7j1yei9og=="
        },
        "zone.js": {
            "version": "0.8.26",
            "resolved": "https://registry.npmjs.org/zone.js/-/zone.js-0.8.26.tgz",
            "integrity": "sha512-W9Nj+UmBJG251wkCacIkETgra4QgBo/vgoEkb4a2uoLzpQG7qF9nzwoLXWU5xj3Fg2mxGvEDh47mg24vXccYjA=="
        }
    }
}
